
Microsoft Visual Studio Solution File, Format Version 12.00
# Visual Studio Version 17
VisualStudioVersion = 17.3.32929.385
MinimumVisualStudioVersion = 10.0.40219.1
Project("{8BC9CEB8-8B4A-11D0-8D11-00A0C91BC942}") = "study", "study\study.vcxproj", "{81D3ED4B-F5AA-4FB5-BD6A-C39983B4CFCD}"
EndProject
Global
	GlobalSection(SolutionConfigurationPlatforms) = preSolution
		Debug|x64 = Debug|x64
		Debug|x86 = Debug|x86
		Release|x64 = Release|x64
		Release|x86 = Release|x86
	EndGlobalSection
	GlobalSection(ProjectConfigurationPlatforms) = postSolution
		{81D3ED4B-F5AA-4FB5-BD6A-C39983B4CFCD}.Debug|x64.ActiveCfg = Debug|x64
		{81D3ED4B-F5AA-4FB5-BD6A-C39983B4CFCD}.Debug|x64.Build.0 = Debug|x64
		{81D3ED4B-F5AA-4FB5-BD6A-C39983B4CFCD}.Debug|x86.ActiveCfg = Debug|Win32
		{81D3ED4B-F5AA-4FB5-BD6A-C39983B4CFCD}.Debug|x86.Build.0 = Debug|Win32
		{81D3ED4B-F5AA-4FB5-BD6A-C39983B4CFCD}.Release|x64.ActiveCfg = Release|x64
		{81D3ED4B-F5AA-4FB5-BD6A-C39983B4CFCD}.Release|x64.Build.0 = Release|x64
		{81D3ED4B-F5AA-4FB5-BD6A-C39983B4CFCD}.Release|x86.ActiveCfg = Release|Win32
		{81D3ED4B-F5AA-4FB5-BD6A-C39983B4CFCD}.Release|x86.Build.0 = Release|Win32
	EndGlobalSection
	GlobalSection(SolutionProperties) = preSolution
		HideSolutionNode = FALSE
	EndGlobalSection
	GlobalSection(ExtensibilityGlobals) = postSolution
		SolutionGuid = {82BC2147-0EDE-431B-BF35-9C10A46C727F}
	EndGlobalSection
EndGlobal
